
Microsoft Visual Studio Solution File, Format Version 12.00
# Visual Studio Version 17
VisualStudioVersion = 17.9.34714.143
MinimumVisualStudioVersion = 10.0.40219.1
Project("{FAE04EC0-301F-11D3-BF4B-00C04F79EFBC}") = "laguerrc#", "laguerrc#.csproj", "{B86ADCBA-7D23-4B08-B0B4-37BD3A1D0B14}"
EndProject
Project("{FAE04EC0-301F-11D3-BF4B-00C04F79EFBC}") = "lagguertestc#", "..\lagguertestc#\lagguertestc#.csproj", "{6CF2B2A7-81AC-4286-B4E1-AEEC31ED5EDB}"
EndProject
Global
	GlobalSection(SolutionConfigurationPlatforms) = preSolution
		Debug|Any CPU = Debug|Any CPU
		Release|Any CPU = Release|Any CPU
	EndGlobalSection
	GlobalSection(ProjectConfigurationPlatforms) = postSolution
		{B86ADCBA-7D23-4B08-B0B4-37BD3A1D0B14}.Debug|Any CPU.ActiveCfg = Debug|Any CPU
		{B86ADCBA-7D23-4B08-B0B4-37BD3A1D0B14}.Debug|Any CPU.Build.0 = Debug|Any CPU
		{B86ADCBA-7D23-4B08-B0B4-37BD3A1D0B14}.Release|Any CPU.ActiveCfg = Release|Any CPU
		{B86ADCBA-7D23-4B08-B0B4-37BD3A1D0B14}.Release|Any CPU.Build.0 = Release|Any CPU
		{6CF2B2A7-81AC-4286-B4E1-AEEC31ED5EDB}.Debug|Any CPU.ActiveCfg = Debug|Any CPU
		{6CF2B2A7-81AC-4286-B4E1-AEEC31ED5EDB}.Debug|Any CPU.Build.0 = Debug|Any CPU
		{6CF2B2A7-81AC-4286-B4E1-AEEC31ED5EDB}.Release|Any CPU.ActiveCfg = Release|Any CPU
		{6CF2B2A7-81AC-4286-B4E1-AEEC31ED5EDB}.Release|Any CPU.Build.0 = Release|Any CPU
	EndGlobalSection
	GlobalSection(SolutionProperties) = preSolution
		HideSolutionNode = FALSE
	EndGlobalSection
	GlobalSection(ExtensibilityGlobals) = postSolution
		SolutionGuid = {080AD1AA-C87A-4E78-9E26-637509275FAD}
	EndGlobalSection
EndGlobal
